github.com/golang/geo v0.0.0-20180826223333-635502111454 h1:UiKw4ZsXdOM6qRj2nP54DJY6Mp3Vd+aSu1OhPvPR+94=
github.com/golang/geo v0.0.0-20180826223333-635502111454/go.mod h1:vgWZ7cu0fq0KY3PpEHsocXOWJpRtkcbKemU4IUw0M60=
github.com/markus-wa/quickhull-go/v2 v2.2.0 h1:rB99NLYeUHoZQ/aNRcGOGqjNBGmrOaRxdtqTnsTUPTA=
github.com/markus-wa/quickhull-go/v2 v2.2.0/go.mod h1:EuLMucfr4B+62eipXm335hOs23LTnO62W7Psn3qvU2k=
github.com/tidwall/tinyqueue v0.1.1 h1:SpNEvEggbpyN5DIReaJ2/1ndroY8iyEGxPYxoSaymYE=
github.com/tidwall/tinyqueue v0.1.1/go.mod h1:O/QNHwrnjqr6IHItYrzoHAKYhBkLI67Q096fQP5zMYw=
github.com/wsw0108/concaveman-go v0.1.1 h1:Bo7i2kxqZJtW/BuU7ko81a9U4gtgTDR4x9KTafHsJE0=
github.com/wsw0108/concaveman-go v0.1.1/go.mod h1:6ZAeelw/d18g5wnXo7YV5F7YjbJbaVa4WzvF4ffwMeU=
github.com/wsw0108/sphericalmercator-go v0.1.0 h1:Cr7qsOVkI2dw9SO4UKvXBUiLi3MRX8Ex4FYaWvrKpew=
github.com/wsw0108/sphericalmercator-go v0.1.0/go.mod h1:nwLN4Ty5Euc2FKPNCja2UtfOkbxMXEKiLRu93sxIKoI=
